// !$*UTF8*$!
{
	archiveVersion = 1;
	classes = {
	};
	objectVersion = 46;
	objects = {

/* Begin PBXBuildFile section */
		45403C6B198A1BD6002788E4 /* Foundation.framework in Frameworks */ = {isa = PBXBuildFile; fileRef = 45403C6A198A1BD6002788E4 /* Foundation.framework */; };
		45403C6D198A1BD6002788E4 /* CoreGraphics.framework in Frameworks */ = {isa = PBXBuildFile; fileRef = 45403C6C198A1BD6002788E4 /* CoreGraphics.framework */; };
		45403C6F198A1BD6002788E4 /* UIKit.framework in Frameworks */ = {isa = PBXBuildFile; fileRef = 45403C6E198A1BD6002788E4 /* UIKit.framework */; };
		45403C75198A1BD6002788E4 /* InfoPlist.strings in Resources */ = {isa = PBXBuildFile; fileRef = 45403C73198A1BD6002788E4 /* InfoPlist.strings */; };
		45403C77198A1BD6002788E4 /* main.m in Sources */ = {isa = PBXBuildFile; fileRef = 45403C76198A1BD6002788E4 /* main.m */; };
		45403C7B198A1BD6002788E4 /* AppDelegate.m in Sources */ = {isa = PBXBuildFile; fileRef = 45403C7A198A1BD6002788E4 /* AppDelegate.m */; };
		45403C7E198A1BD6002788E4 /* Main.storyboard in Resources */ = {isa = PBXBuildFile; fileRef = 45403C7C198A1BD6002788E4 /* Main.storyboard */; };
		45403C81198A1BD6002788E4 /* MasterViewController.mm in Sources */ = {isa = PBXBuildFile; fileRef = 45403C80198A1BD6002788E4 /* MasterViewController.mm */; };
		45403C84198A1BD6002788E4 /* DetailViewController.m in Sources */ = {isa = PBXBuildFile; fileRef = 45403C83198A1BD6002788E4 /* DetailViewController.m */; };
		45403C86198A1BD6002788E4 /* Images.xcassets in Resources */ = {isa = PBXBuildFile; fileRef = 45403C85198A1BD6002788E4 /* Images.xcassets */; };
		45403CA4198A1FC7002788E4 /* trippin_service.cpp in Sources */ = {isa = PBXBuildFile; fileRef = 45403CA2198A1FC7002788E4 /* trippin_service.cpp */; };
		45403CA6198A2673002788E4 /* libcpprest.a in Frameworks */ = {isa = PBXBuildFile; fileRef = 45403CA5198A2673002788E4 /* libcpprest.a */; };
		45403CA8198A26A0002788E4 /* boost.framework in Frameworks */ = {isa = PBXBuildFile; fileRef = 45403CA7198A26A0002788E4 /* boost.framework */; };
		45403CAB198A27AC002788E4 /* libcrypto.a in Frameworks */ = {isa = PBXBuildFile; fileRef = 45403CA9198A27AC002788E4 /* libcrypto.a */; };
		45403CAC198A27AC002788E4 /* libssl.a in Frameworks */ = {isa = PBXBuildFile; fileRef = 45403CAA198A27AC002788E4 /* libssl.a */; };
		45403CAF198A280A002788E4 /* libodata-client.a in Frameworks */ = {isa = PBXBuildFile; fileRef = 45403CAD198A280A002788E4 /* libodata-client.a */; };
		45403CB0198A280A002788E4 /* libodata-library.a in Frameworks */ = {isa = PBXBuildFile; fileRef = 45403CAE198A280A002788E4 /* libodata-library.a */; };
		45403CB2198A28AE002788E4 /* libxml2.dylib in Frameworks */ = {isa = PBXBuildFile; fileRef = 45403CB1198A28AE002788E4 /* libxml2.dylib */; };
/* End PBXBuildFile section */

/* Begin PBXFileReference section */
		45403C67198A1BD6002788E4 /* TripPin.app */ = {isa = PBXFileReference; explicitFileType = wrapper.application; includeInIndex = 0; path = TripPin.app; sourceTree = BUILT_PRODUCTS_DIR; };
		45403C6A198A1BD6002788E4 /* Foundation.framework */ = {isa = PBXFileReference; lastKnownFileType = wrapper.framework; name = Foundation.framework; path = System/Library/Frameworks/Foundation.framework; sourceTree = SDKROOT; };
		45403C6C198A1BD6002788E4 /* CoreGraphics.framework */ = {isa = PBXFileReference; lastKnownFileType = wrapper.framework; name = CoreGraphics.framework; path = System/Library/Frameworks/CoreGraphics.framework; sourceTree = SDKROOT; };
		45403C6E198A1BD6002788E4 /* UIKit.framework */ = {isa = PBXFileReference; lastKnownFileType = wrapper.framework; name = UIKit.framework; path = System/Library/Frameworks/UIKit.framework; sourceTree = SDKROOT; };
		45403C72198A1BD6002788E4 /* TripPin-Info.plist */ = {isa = PBXFileReference; lastKnownFileType = text.plist.xml; path = "TripPin-Info.plist"; sourceTree = "<group>"; };
		45403C74198A1BD6002788E4 /* en */ = {isa = PBXFileReference; lastKnownFileType = text.plist.strings; name = en; path = en.lproj/InfoPlist.strings; sourceTree = "<group>"; };
		45403C76198A1BD6002788E4 /* main.m */ = {isa = PBXFileReference; lastKnownFileType = sourcecode.c.objc; path = main.m; sourceTree = "<group>"; };
		45403C78198A1BD6002788E4 /* TripPin-Prefix.pch */ = {isa = PBXFileReference; lastKnownFileType = sourcecode.c.h; path = "TripPin-Prefix.pch"; sourceTree = "<group>"; };
		45403C79198A1BD6002788E4 /* AppDelegate.h */ = {isa = PBXFileReference; lastKnownFileType = sourcecode.c.h; path = AppDelegate.h; sourceTree = "<group>"; };
		45403C7A198A1BD6002788E4 /* AppDelegate.m */ = {isa = PBXFileReference; lastKnownFileType = sourcecode.c.objc; path = AppDelegate.m; sourceTree = "<group>"; };
		45403C7D198A1BD6002788E4 /* Base */ = {isa = PBXFileReference; lastKnownFileType = file.storyboard; name = Base; path = Base.lproj/Main.storyboard; sourceTree = "<group>"; };
		45403C7F198A1BD6002788E4 /* MasterViewController.h */ = {isa = PBXFileReference; lastKnownFileType = sourcecode.c.h; path = MasterViewController.h; sourceTree = "<group>"; };
		45403C80198A1BD6002788E4 /* MasterViewController.mm */ = {isa = PBXFileReference; lastKnownFileType = sourcecode.cpp.objcpp; path = MasterViewController.mm; sourceTree = "<group>"; };
		45403C82198A1BD6002788E4 /* DetailViewController.h */ = {isa = PBXFileReference; lastKnownFileType = sourcecode.c.h; path = DetailViewController.h; sourceTree = "<group>"; };
		45403C83198A1BD6002788E4 /* DetailViewController.m */ = {isa = PBXFileReference; lastKnownFileType = sourcecode.c.objc; path = DetailViewController.m; sourceTree = "<group>"; };
		45403C85198A1BD6002788E4 /* Images.xcassets */ = {isa = PBXFileReference; lastKnownFileType = folder.assetcatalog; path = Images.xcassets; sourceTree = "<group>"; };
		45403C8C198A1BD6002788E4 /* XCTest.framework */ = {isa = PBXFileReference; lastKnownFileType = wrapper.framework; name = XCTest.framework; path = Library/Frameworks/XCTest.framework; sourceTree = DEVELOPER_DIR; };
		45403CA2198A1FC7002788E4 /* trippin_service.cpp */ = {isa = PBXFileReference; fileEncoding = 4; lastKnownFileType = sourcecode.cpp.cpp; path = trippin_service.cpp; sourceTree = "<group>"; };
		45403CA3198A1FC7002788E4 /* trippin_service.h */ = {isa = PBXFileReference; fileEncoding = 4; lastKnownFileType = sourcecode.c.h; path = trippin_service.h; sourceTree = "<group>"; };
		45403CA5198A2673002788E4 /* libcpprest.a */ = {isa = PBXFileReference; lastKnownFileType = archive.ar; name = libcpprest.a; path = ../../../lib/casablanca/Build_iOS/build.ios/libcpprest.a; sourceTree = "<group>"; };
		45403CA7198A26A0002788E4 /* boost.framework */ = {isa = PBXFileReference; lastKnownFileType = wrapper.framework; name = boost.framework; path = ../../../ios/boost.framework; sourceTree = "<group>"; };
		45403CA9198A27AC002788E4 /* libcrypto.a */ = {isa = PBXFileReference; lastKnownFileType = archive.ar; name = libcrypto.a; path = ../../../lib/casablanca/Build_iOS/openssl/lib/libcrypto.a; sourceTree = "<group>"; };
		45403CAA198A27AC002788E4 /* libssl.a */ = {isa = PBXFileReference; lastKnownFileType = archive.ar; name = libssl.a; path = ../../../lib/casablanca/Build_iOS/openssl/lib/libssl.a; sourceTree = "<group>"; };
		45403CAD198A280A002788E4 /* libodata-client.a */ = {isa = PBXFileReference; lastKnownFileType = archive.ar; name = "libodata-client.a"; path = "../../../ios/build.ios/libodata-client.a"; sourceTree = "<group>"; };
		45403CAE198A280A002788E4 /* libodata-library.a */ = {isa = PBXFileReference; lastKnownFileType = archive.ar; name = "libodata-library.a"; path = "../../../ios/build.ios/libodata-library.a"; sourceTree = "<group>"; };
		45403CB1198A28AE002788E4 /* libxml2.dylib */ = {isa = PBXFileReference; lastKnownFileType = "compiled.mach-o.dylib"; name = libxml2.dylib; path = usr/lib/libxml2.dylib; sourceTree = SDKROOT; };
/* End PBXFileReference section */

/* Begin PBXFrameworksBuildPhase section */
		45403C64198A1BD6002788E4 /* Frameworks */ = {
			isa = PBXFrameworksBuildPhase;
			buildActionMask = 2147483647;
			files = (
				45403CB2198A28AE002788E4 /* libxml2.dylib in Frameworks */,
				45403CAF198A280A002788E4 /* libodata-client.a in Frameworks */,
				45403CB0198A280A002788E4 /* libodata-library.a in Frameworks */,
				45403CAB198A27AC002788E4 /* libcrypto.a in Frameworks */,
				45403CAC198A27AC002788E4 /* libssl.a in Frameworks */,
				45403CA8198A26A0002788E4 /* boost.framework in Frameworks */,
				45403CA6198A2673002788E4 /* libcpprest.a in Frameworks */,
				45403C6D198A1BD6002788E4 /* CoreGraphics.framework in Frameworks */,
				45403C6F198A1BD6002788E4 /* UIKit.framework in Frameworks */,
				45403C6B198A1BD6002788E4 /* Foundation.framework in Frameworks */,
			);
			runOnlyForDeploymentPostprocessing = 0;
		};
/* End PBXFrameworksBuildPhase section */

/* Begin PBXGroup section */
		45403C5E198A1BD6002788E4 = {
			isa = PBXGroup;
			children = (
				45403C70198A1BD6002788E4 /* TripPin */,
				45403C69198A1BD6002788E4 /* Frameworks */,
				45403C68198A1BD6002788E4 /* Products */,
			);
			sourceTree = "<group>";
		};
		45403C68198A1BD6002788E4 /* Products */ = {
			isa = PBXGroup;
			children = (
				45403C67198A1BD6002788E4 /* TripPin.app */,
			);
			name = Products;
			sourceTree = "<group>";
		};
		45403C69198A1BD6002788E4 /* Frameworks */ = {
			isa = PBXGroup;
			children = (
				45403CB1198A28AE002788E4 /* libxml2.dylib */,
				45403CAD198A280A002788E4 /* libodata-client.a */,
				45403CAE198A280A002788E4 /* libodata-library.a */,
				45403CA9198A27AC002788E4 /* libcrypto.a */,
				45403CAA198A27AC002788E4 /* libssl.a */,
				45403CA7198A26A0002788E4 /* boost.framework */,
				45403CA5198A2673002788E4 /* libcpprest.a */,
				45403C6A198A1BD6002788E4 /* Foundation.framework */,
				45403C6C198A1BD6002788E4 /* CoreGraphics.framework */,
				45403C6E198A1BD6002788E4 /* UIKit.framework */,
				45403C8C198A1BD6002788E4 /* XCTest.framework */,
			);
			name = Frameworks;
			sourceTree = "<group>";
		};
		45403C70198A1BD6002788E4 /* TripPin */ = {
			isa = PBXGroup;
			children = (
				45403CA2198A1FC7002788E4 /* trippin_service.cpp */,
				45403CA3198A1FC7002788E4 /* trippin_service.h */,
				45403C79198A1BD6002788E4 /* AppDelegate.h */,
				45403C7A198A1BD6002788E4 /* AppDelegate.m */,
				45403C7C198A1BD6002788E4 /* Main.storyboard */,
				45403C7F198A1BD6002788E4 /* MasterViewController.h */,
				45403C80198A1BD6002788E4 /* MasterViewController.mm */,
				45403C82198A1BD6002788E4 /* DetailViewController.h */,
				45403C83198A1BD6002788E4 /* DetailViewController.m */,
				45403C85198A1BD6002788E4 /* Images.xcassets */,
				45403C71198A1BD6002788E4 /* Supporting Files */,
			);
			path = TripPin;
			sourceTree = "<group>";
		};
		45403C71198A1BD6002788E4 /* Supporting Files */ = {
			isa = PBXGroup;
			children = (
				45403C72198A1BD6002788E4 /* TripPin-Info.plist */,
				45403C73198A1BD6002788E4 /* InfoPlist.strings */,
				45403C76198A1BD6002788E4 /* main.m */,
				45403C78198A1BD6002788E4 /* TripPin-Prefix.pch */,
			);
			name = "Supporting Files";
			sourceTree = "<group>";
		};
/* End PBXGroup section */

/* Begin PBXNativeTarget section */
		45403C66198A1BD6002788E4 /* TripPin */ = {
			isa = PBXNativeTarget;
			buildConfigurationList = 45403C9C198A1BD6002788E4 /* Build configuration list for PBXNativeTarget "TripPin" */;
			buildPhases = (
				45403C63198A1BD6002788E4 /* Sources */,
				45403C64198A1BD6002788E4 /* Frameworks */,
				45403C65198A1BD6002788E4 /* Resources */,
			);
			buildRules = (
			);
			dependencies = (
			);
			name = TripPin;
			productName = TripPin;
			productReference = 45403C67198A1BD6002788E4 /* TripPin.app */;
			productType = "com.apple.product-type.application";
		};
/* End PBXNativeTarget section */

/* Begin PBXProject section */
		45403C5F198A1BD6002788E4 /* Project object */ = {
			isa = PBXProject;
			attributes = {
				LastUpgradeCheck = 0510;
			};
			buildConfigurationList = 45403C62198A1BD6002788E4 /* Build configuration list for PBXProject "TripPin" */;
			compatibilityVersion = "Xcode 3.2";
			developmentRegion = English;
			hasScannedForEncodings = 0;
			knownRegions = (
				en,
				Base,
			);
			mainGroup = 45403C5E198A1BD6002788E4;
			productRefGroup = 45403C68198A1BD6002788E4 /* Products */;
			projectDirPath = "";
			projectRoot = "";
			targets = (
				45403C66198A1BD6002788E4 /* TripPin */,
			);
		};
/* End PBXProject section */

/* Begin PBXResourcesBuildPhase section */
		45403C65198A1BD6002788E4 /* Resources */ = {
			isa = PBXResourcesBuildPhase;
			buildActionMask = 2147483647;
			files = (
				45403C86198A1BD6002788E4 /* Images.xcassets in Resources */,
				45403C75198A1BD6002788E4 /* InfoPlist.strings in Resources */,
				45403C7E198A1BD6002788E4 /* Main.storyboard in Resources */,
			);
			runOnlyForDeploymentPostprocessing = 0;
		};
/* End PBXResourcesBuildPhase section */

/* Begin PBXSourcesBuildPhase section */
		45403C63198A1BD6002788E4 /* Sources */ = {
			isa = PBXSourcesBuildPhase;
			buildActionMask = 2147483647;
			files = (
				45403CA4198A1FC7002788E4 /* trippin_service.cpp in Sources */,
				45403C7B198A1BD6002788E4 /* AppDelegate.m in Sources */,
				45403C81198A1BD6002788E4 /* MasterViewController.mm in Sources */,
				45403C77198A1BD6002788E4 /* main.m in Sources */,
				45403C84198A1BD6002788E4 /* DetailViewController.m in Sources */,
			);
			runOnlyForDeploymentPostprocessing = 0;
		};
/* End PBXSourcesBuildPhase section */

/* Begin PBXVariantGroup section */
		45403C73198A1BD6002788E4 /* InfoPlist.strings */ = {
			isa = PBXVariantGroup;
			children = (
				45403C74198A1BD6002788E4 /* en */,
			);
			name = InfoPlist.strings;
			sourceTree = "<group>";
		};
		45403C7C198A1BD6002788E4 /* Main.storyboard */ = {
			isa = PBXVariantGroup;
			children = (
				45403C7D198A1BD6002788E4 /* Base */,
			);
			name = Main.storyboard;
			sourceTree = "<group>";
		};
/* End PBXVariantGroup section */

/* Begin XCBuildConfiguration section */
		45403C9A198A1BD6002788E4 /* Debug */ = {
			isa = XCBuildConfiguration;
			buildSettings = {
				ALWAYS_SEARCH_USER_PATHS = NO;
				CLANG_CXX_LANGUAGE_STANDARD = "gnu++0x";
				CLANG_CXX_LIBRARY = "libc++";
				CLANG_ENABLE_MODULES = YES;
				CLANG_ENABLE_OBJC_ARC = YES;
				CLANG_WARN_BOOL_CONVERSION = YES;
				CLANG_WARN_CONSTANT_CONVERSION = YES;
				CLANG_WARN_DIRECT_OBJC_ISA_USAGE = YES_ERROR;
				CLANG_WARN_EMPTY_BODY = YES;
				CLANG_WARN_ENUM_CONVERSION = YES;
				CLANG_WARN_INT_CONVERSION = YES;
				CLANG_WARN_OBJC_ROOT_CLASS = YES_ERROR;
				CLANG_WARN__DUPLICATE_METHOD_MATCH = YES;
				"CODE_SIGN_IDENTITY[sdk=iphoneos*]" = "iPhone Developer";
				COPY_PHASE_STRIP = NO;
				GCC_C_LANGUAGE_STANDARD = gnu99;
				GCC_DYNAMIC_NO_PIC = NO;
				GCC_OPTIMIZATION_LEVEL = 0;
				GCC_PREPROCESSOR_DEFINITIONS = (
					"DEBUG=1",
					"$(inherited)",
				);
				GCC_SYMBOLS_PRIVATE_EXTERN = NO;
				GCC_WARN_64_TO_32_BIT_CONVERSION = YES;
				GCC_WARN_ABOUT_RETURN_TYPE = YES_ERROR;
				GCC_WARN_UNDECLARED_SELECTOR = YES;
				GCC_WARN_UNINITIALIZED_AUTOS = YES_AGGRESSIVE;
				GCC_WARN_UNUSED_FUNCTION = YES;
				GCC_WARN_UNUSED_VARIABLE = YES;
				IPHONEOS_DEPLOYMENT_TARGET = 7.1;
				ODATACPP_DIR = /Users/xubin/Code/odatacpp;
				ONLY_ACTIVE_ARCH = YES;
				SDKROOT = iphoneos;
			};
			name = Debug;
		};
		45403C9B198A1BD6002788E4 /* Release */ = {
			isa = XCBuildConfiguration;
			buildSettings = {
				ALWAYS_SEARCH_USER_PATHS = NO;
				CLANG_CXX_LANGUAGE_STANDARD = "gnu++0x";
				CLANG_CXX_LIBRARY = "libc++";
				CLANG_ENABLE_MODULES = YES;
				CLANG_ENABLE_OBJC_ARC = YES;
				CLANG_WARN_BOOL_CONVERSION = YES;
				CLANG_WARN_CONSTANT_CONVERSION = YES;
				CLANG_WARN_DIRECT_OBJC_ISA_USAGE = YES_ERROR;
				CLANG_WARN_EMPTY_BODY = YES;
				CLANG_WARN_ENUM_CONVERSION = YES;
				CLANG_WARN_INT_CONVERSION = YES;
				CLANG_WARN_OBJC_ROOT_CLASS = YES_ERROR;
				CLANG_WARN__DUPLICATE_METHOD_MATCH = YES;
				"CODE_SIGN_IDENTITY[sdk=iphoneos*]" = "iPhone Developer";
				COPY_PHASE_STRIP = YES;
				ENABLE_NS_ASSERTIONS = NO;
				GCC_C_LANGUAGE_STANDARD = gnu99;
				GCC_WARN_64_TO_32_BIT_CONVERSION = YES;
				GCC_WARN_ABOUT_RETURN_TYPE = YES_ERROR;
				GCC_WARN_UNDECLARED_SELECTOR = YES;
				GCC_WARN_UNINITIALIZED_AUTOS = YES_AGGRESSIVE;
				GCC_WARN_UNUSED_FUNCTION = YES;
				GCC_WARN_UNUSED_VARIABLE = YES;
				IPHONEOS_DEPLOYMENT_TARGET = 7.1;
				ODATACPP_DIR = /Users/xubin/Code/odatacpp;
				SDKROOT = iphoneos;
				VALIDATE_PRODUCT = YES;
			};
			name = Release;
		};
		45403C9D198A1BD6002788E4 /* Debug */ = {
			isa = XCBuildConfiguration;
			buildSettings = {
				ASSETCATALOG_COMPILER_APPICON_NAME = AppIcon;
				ASSETCATALOG_COMPILER_LAUNCHIMAGE_NAME = LaunchImage;
				FRAMEWORK_SEARCH_PATHS = (
					"$(inherited)",
					/Users/xubin/Code/odatacpp/ios,
				);
				GCC_PRECOMPILE_PREFIX_HEADER = YES;
				GCC_PREFIX_HEADER = "TripPin/TripPin-Prefix.pch";
				HEADER_SEARCH_PATHS = (
					"$(inherited)",
					/Applications/Xcode.app/Contents/Developer/Toolchains/XcodeDefault.xctoolchain/usr/include,
					"$(ODATACPP_DIR)/include",
					"$(ODATACPP_DIR)/lib/casablanca/Release/include",
					"$(ODATACPP_DIR)/ios/boost.framework/Headers",
					/usr/include/libxml2,
				);
				INFOPLIST_FILE = "TripPin/TripPin-Info.plist";
				LIBRARY_SEARCH_PATHS = (
					"$(inherited)",
					"$(ODATACPP_DIR)/lib/casablanca/Build_iOS/build.ios",
					"$(ODATACPP_DIR)/ios/boost.framework/Versions/A",
					"$(ODATACPP_DIR)/lib/casablanca/Build_iOS/openssl/lib",
					"$(ODATACPP_DIR)/ios/build.ios",
				);
				ODATACPP_DIR = ../../;
				PRODUCT_NAME = "$(TARGET_NAME)";
				WRAPPER_EXTENSION = app;
			};
			name = Debug;
		};
		45403C9E198A1BD6002788E4 /* Release */ = {
			isa = XCBuildConfiguration;
			buildSettings = {
				ASSETCATALOG_COMPILER_APPICON_NAME = AppIcon;
				ASSETCATALOG_COMPILER_LAUNCHIMAGE_NAME = LaunchImage;
				FRAMEWORK_SEARCH_PATHS = (
					"$(inherited)",
					/Users/xubin/Code/odatacpp/ios,
				);
				GCC_PRECOMPILE_PREFIX_HEADER = YES;
				GCC_PREFIX_HEADER = "TripPin/TripPin-Prefix.pch";
				HEADER_SEARCH_PATHS = (
					"$(inherited)",
					/Applications/Xcode.app/Contents/Developer/Toolchains/XcodeDefault.xctoolchain/usr/include,
					"$(ODATACPP_DIR)/include",
					"$(ODATACPP_DIR)/lib/casablanca/Release/include",
					"$(ODATACPP_DIR)/ios/boost.framework/Headers",
					/usr/include/libxml2,
				);
				INFOPLIST_FILE = "TripPin/TripPin-Info.plist";
				LIBRARY_SEARCH_PATHS = (
					"$(inherited)",
					"$(ODATACPP_DIR)/lib/casablanca/Build_iOS/build.ios",
					"$(ODATACPP_DIR)/ios/boost.framework/Versions/A",
					"$(ODATACPP_DIR)/lib/casablanca/Build_iOS/openssl/lib",
					"$(ODATACPP_DIR)/ios/build.ios",
				);
				ODATACPP_DIR = ../../;
				PRODUCT_NAME = "$(TARGET_NAME)";
				WRAPPER_EXTENSION = app;
			};
			name = Release;
		};
/* End XCBuildConfiguration section */

/* Begin XCConfigurationList section */
		45403C62198A1BD6002788E4 /* Build configuration list for PBXProject "TripPin" */ = {
			isa = XCConfigurationList;
			buildConfigurations = (
				45403C9A198A1BD6002788E4 /* Debug */,
				45403C9B198A1BD6002788E4 /* Release */,
			);
			defaultConfigurationIsVisible = 0;
			defaultConfigurationName = Release;
		};
		45403C9C198A1BD6002788E4 /* Build configuration list for PBXNativeTarget "TripPin" */ = {
			isa = XCConfigurationList;
			buildConfigurations = (
				45403C9D198A1BD6002788E4 /* Debug */,
				45403C9E198A1BD6002788E4 /* Release */,
			);
			defaultConfigurationIsVisible = 0;
			defaultConfigurationName = Release;
		};
/* End XCConfigurationList section */
	};
	rootObject = 45403C5F198A1BD6002788E4 /* Project object */;
}
