<?xml version="1.0" encoding="utf-8"?>
<Project ToolsVersion="4.0" xmlns="http://schemas.microsoft.com/developer/msbuild/2003">
  <ItemGroup>
    <ClCompile Include="$(UnitTestppSrc)\TestDetails.cpp">
      <Filter>Source Files</Filter>
    </ClCompile>
    <ClCompile Include="$(UnitTestppSrc)\AssertException.cpp">
      <Filter>Source Files</Filter>
    </ClCompile>
    <ClCompile Include="$(UnitTestppSrc)\CompositeTestReporter.cpp">
      <Filter>Source Files</Filter>
    </ClCompile>
    <ClCompile Include="$(UnitTestppSrc)\CurrentTest.cpp">
      <Filter>Source Files</Filter>
    </ClCompile>
    <ClCompile Include="$(UnitTestppSrc)\DeferredTestReporter.cpp">
      <Filter>Source Files</Filter>
    </ClCompile>
    <ClCompile Include="$(UnitTestppSrc)\DeferredTestResult.cpp">
      <Filter>Source Files</Filter>
    </ClCompile>
    <ClCompile Include="$(UnitTestppSrc)\GlobalSettings.cpp">
      <Filter>Source Files</Filter>
    </ClCompile>
    <ClCompile Include="$(UnitTestppSrc)\MemoryOutStream.cpp">
      <Filter>Source Files</Filter>
    </ClCompile>
    <ClCompile Include="$(UnitTestppSrc)\ReportAssert.cpp">
      <Filter>Source Files</Filter>
    </ClCompile>
    <ClCompile Include="$(UnitTestppSrc)\Test.cpp">
      <Filter>Source Files</Filter>
    </ClCompile>
    <ClCompile Include="$(UnitTestppSrc)\TestList.cpp">
      <Filter>Source Files</Filter>
    </ClCompile>
    <ClCompile Include="$(UnitTestppSrc)\TestReporter.cpp">
      <Filter>Source Files</Filter>
    </ClCompile>
    <ClCompile Include="$(UnitTestppSrc)\TestReporterStdout.cpp">
      <Filter>Source Files</Filter>
    </ClCompile>
    <ClCompile Include="$(UnitTestppSrc)\TestResults.cpp">
      <Filter>Source Files</Filter>
    </ClCompile>
    <ClCompile Include="$(UnitTestppSrc)\TestRunner.cpp">
      <Filter>Source Files</Filter>
    </ClCompile>
    <ClCompile Include="$(UnitTestppSrc)\Win32\TimeHelpers.cpp">
      <Filter>Source Files</Filter>
    </ClCompile>
    <ClCompile Include="$(UnitTestppSrc)\XmlTestReporter.cpp">
      <Filter>Source Files</Filter>
    </ClCompile>
  </ItemGroup>
  <ItemGroup>
    <ClInclude Include="$(UnitTestppSrc)\AssertException.h">
      <Filter>Header Files</Filter>
    </ClInclude>
    <ClInclude Include="$(UnitTestppSrc)\CheckMacros.h">
      <Filter>Header Files</Filter>
    </ClInclude>
    <ClInclude Include="$(UnitTestppSrc)\Checks.h">
      <Filter>Header Files</Filter>
    </ClInclude>
    <ClInclude Include="$(UnitTestppSrc)\CompositeTestReporter.h">
      <Filter>Header Files</Filter>
    </ClInclude>
    <ClInclude Include="$(UnitTestppBase)\config.h">
      <Filter>Header Files</Filter>
    </ClInclude>
    <ClInclude Include="$(UnitTestppSrc)\CurrentTest.h">
      <Filter>Header Files</Filter>
    </ClInclude>
    <ClInclude Include="$(UnitTestppSrc)\DeferredTestReporter.h">
      <Filter>Header Files</Filter>
    </ClInclude>
    <ClInclude Include="$(UnitTestppSrc)\DeferredTestResult.h">
      <Filter>Header Files</Filter>
    </ClInclude>
    <ClInclude Include="$(UnitTestppSrc)\ExceptionMacros.h">
      <Filter>Header Files</Filter>
    </ClInclude>
    <ClInclude Include="$(UnitTestppSrc)\ExecuteTest.h">
      <Filter>Header Files</Filter>
    </ClInclude>
    <ClInclude Include="$(UnitTestppSrc)\GlobalSettings.h">
      <Filter>Header Files</Filter>
    </ClInclude>
    <ClInclude Include="$(UnitTestppSrc)\HelperMacros.h">
      <Filter>Header Files</Filter>
    </ClInclude>
    <ClInclude Include="$(UnitTestppSrc)\MemoryOutStream.h">
      <Filter>Header Files</Filter>
    </ClInclude>
    <ClInclude Include="$(UnitTestppSrc)\ReportAssert.h">
      <Filter>Header Files</Filter>
    </ClInclude>
    <ClInclude Include="$(UnitTestppSrc)\ReportAssertImpl.h">
      <Filter>Header Files</Filter>
    </ClInclude>
    <ClInclude Include="$(UnitTestppSrc)\Test.h">
      <Filter>Header Files</Filter>
    </ClInclude>
    <ClInclude Include="$(UnitTestppSrc)\TestDetails.h">
      <Filter>Header Files</Filter>
    </ClInclude>
    <ClInclude Include="$(UnitTestppSrc)\TestList.h">
      <Filter>Header Files</Filter>
    </ClInclude>
    <ClInclude Include="$(UnitTestppSrc)\TestMacros.h">
      <Filter>Header Files</Filter>
    </ClInclude>
    <ClInclude Include="$(UnitTestppSrc)\TestProperties.h">
      <Filter>Header Files</Filter>
    </ClInclude>
    <ClInclude Include="$(UnitTestppSrc)\TestReporter.h">
      <Filter>Header Files</Filter>
    </ClInclude>
    <ClInclude Include="$(UnitTestppSrc)\TestReporterStdout.h">
      <Filter>Header Files</Filter>
    </ClInclude>
    <ClInclude Include="$(UnitTestppSrc)\TestResults.h">
      <Filter>Header Files</Filter>
    </ClInclude>
    <ClInclude Include="$(UnitTestppSrc)\TestRunner.h">
      <Filter>Header Files</Filter>
    </ClInclude>
    <ClInclude Include="$(UnitTestppSrc)\TestSuite.h">
      <Filter>Header Files</Filter>
    </ClInclude>
    <ClInclude Include="$(UnitTestppSrc)\Win32\TimeHelpers.h">
      <Filter>Header Files</Filter>
    </ClInclude>
    <ClInclude Include="$(UnitTestppSrc)\TimeHelpers.h">
      <Filter>Header Files</Filter>
    </ClInclude>
    <ClInclude Include="$(UnitTestppBase)\unittestpp.h">
      <Filter>Header Files</Filter>
    </ClInclude>
    <ClInclude Include="$(UnitTestppSrc)\XmlTestReporter.h">
      <Filter>Header Files</Filter>
    </ClInclude>
    <ClInclude Include="$(UnitTestppSrc)\TestHeader.h">
      <Filter>Header Files</Filter>
    </ClInclude>
  </ItemGroup>
  <ItemGroup>
    <Filter Include="Source Files">
      <UniqueIdentifier>{640fb93d-0deb-4bc4-a035-5d44d5c2af4b}</UniqueIdentifier>
    </Filter>
    <Filter Include="Header Files">
      <UniqueIdentifier>{b883825b-c6c4-4545-806e-dfe105753ac8}</UniqueIdentifier>
    </Filter>
  </ItemGroup>
</Project>