
Microsoft Visual Studio Solution File, Format Version 12.00
# Visual Studio 2012
Project("{8BC9CEB8-8B4A-11D0-8D11-00A0C91BC942}") = "odata_library.vs11", "odata_library.vs11.vcxproj", "{4BF94744-FA07-4BD2-8D41-FB292DC6D129}"
EndProject
Project("{8BC9CEB8-8B4A-11D0-8D11-00A0C91BC942}") = "odata_client.vs11", "odata_client.vs11.vcxproj", "{19EF328C-A68D-4036-8717-3B1B6D1E261E}"
	ProjectSection(ProjectDependencies) = postProject
		{4BF94744-FA07-4BD2-8D41-FB292DC6D129} = {4BF94744-FA07-4BD2-8D41-FB292DC6D129}
	EndProjectSection
EndProject
Project("{2150E333-8FDC-42A3-9474-1A3956D46DE8}") = ".nuget", ".nuget", "{51025A2C-84D1-4F15-A02E-80EF40A02E72}"
	ProjectSection(SolutionItems) = preProject
		.nuget\NuGet.Config = .nuget\NuGet.Config
		.nuget\NuGet.exe = .nuget\NuGet.exe
		.nuget\NuGet.targets = .nuget\NuGet.targets
	EndProjectSection
EndProject
Project("{8BC9CEB8-8B4A-11D0-8D11-00A0C91BC942}") = "odata_codegen_tool.vs11", "odata_codegen_tool.vs11.vcxproj", "{BBCE5AD4-DBB6-49B2-9B53-E0D7B5CD0571}"
EndProject
Global
	GlobalSection(SolutionConfigurationPlatforms) = preSolution
		Debug|Win32 = Debug|Win32
		Release|Win32 = Release|Win32
	EndGlobalSection
	GlobalSection(ProjectConfigurationPlatforms) = postSolution
		{4BF94744-FA07-4BD2-8D41-FB292DC6D129}.Debug|Win32.ActiveCfg = Debug|Win32
		{4BF94744-FA07-4BD2-8D41-FB292DC6D129}.Debug|Win32.Build.0 = Debug|Win32
		{4BF94744-FA07-4BD2-8D41-FB292DC6D129}.Release|Win32.ActiveCfg = Release|Win32
		{4BF94744-FA07-4BD2-8D41-FB292DC6D129}.Release|Win32.Build.0 = Release|Win32
		{19EF328C-A68D-4036-8717-3B1B6D1E261E}.Debug|Win32.ActiveCfg = Debug|Win32
		{19EF328C-A68D-4036-8717-3B1B6D1E261E}.Debug|Win32.Build.0 = Debug|Win32
		{19EF328C-A68D-4036-8717-3B1B6D1E261E}.Release|Win32.ActiveCfg = Release|Win32
		{19EF328C-A68D-4036-8717-3B1B6D1E261E}.Release|Win32.Build.0 = Release|Win32
		{BBCE5AD4-DBB6-49B2-9B53-E0D7B5CD0571}.Debug|Win32.ActiveCfg = Debug|Win32
		{BBCE5AD4-DBB6-49B2-9B53-E0D7B5CD0571}.Debug|Win32.Build.0 = Debug|Win32
		{BBCE5AD4-DBB6-49B2-9B53-E0D7B5CD0571}.Release|Win32.ActiveCfg = Release|Win32
		{BBCE5AD4-DBB6-49B2-9B53-E0D7B5CD0571}.Release|Win32.Build.0 = Release|Win32
	EndGlobalSection
	GlobalSection(SolutionProperties) = preSolution
		HideSolutionNode = FALSE
	EndGlobalSection
EndGlobal
