<?xml version="1.0" encoding="utf-8"?>
<Project ToolsVersion="4.0" xmlns="http://schemas.microsoft.com/developer/msbuild/2003">
  <ItemGroup>
    <ClInclude Include="$(ODataCppInc)\odata\client\odata_client.h">
      <Filter>client</Filter>
    </ClInclude>
    <ClInclude Include="$(ODataCppInc)\odata\client\odata_client_options.h">
      <Filter>client</Filter>
    </ClInclude>
    <ClInclude Include="$(ODataCppInc)\odata\communication\http_communication.h">
      <Filter>communication</Filter>
    </ClInclude>
    <ClInclude Include="$(ODataCppInc)\odata\communication\http_implement.h">
      <Filter>communication</Filter>
    </ClInclude>
    <ClInclude Include="$(ODataCppInc)\odata\communication\http_service_exception.h">
      <Filter>communication</Filter>
    </ClInclude>
    <ClInclude Include="$(ODataCppInc)\odata\communication\http_utility.h">
      <Filter>communication</Filter>
    </ClInclude>
    <ClInclude Include="$(ODataCppInc)\odata\codegen\code_generation.h">
      <Filter>codegen</Filter>
    </ClInclude>
    <ClInclude Include="$(ODataCppInc)\odata\codegen\code_generation_base.h">
      <Filter>codegen</Filter>
    </ClInclude>
    <ClInclude Include="$(ODataCppInc)\odata\codegen\code_generation_helper.h">
      <Filter>codegen</Filter>
    </ClInclude>
    <ClInclude Include="$(ODataCppInc)\odata\codegen\odata_complex_query_executor.h">
      <Filter>codegen</Filter>
    </ClInclude>
    <ClInclude Include="$(ODataCppInc)\odata\codegen\odata_entity_tracker.h">
      <Filter>codegen</Filter>
    </ClInclude>
    <ClInclude Include="$(ODataCppInc)\odata\codegen\odata_entityset_query_executor.h">
      <Filter>codegen</Filter>
    </ClInclude>
    <ClInclude Include="$(ODataCppInc)\odata\codegen\odata_enum_query_executor.h">
      <Filter>codegen</Filter>
    </ClInclude>
    <ClInclude Include="$(ODataCppInc)\odata\codegen\odata_function_param_formatter.h">
      <Filter>codegen</Filter>
    </ClInclude>
    <ClInclude Include="$(ODataCppInc)\odata\codegen\odata_primitive_query_executor.h">
      <Filter>codegen</Filter>
    </ClInclude>
    <ClInclude Include="$(ODataCppInc)\odata\codegen\odata_query_builder.h">
      <Filter>codegen</Filter>
    </ClInclude>
    <ClInclude Include="$(ODataCppInc)\odata\codegen\odata_query_option.h">
      <Filter>codegen</Filter>
    </ClInclude>
    <ClInclude Include="$(ODataCppInc)\odata\codegen\odata_query_path.h">
      <Filter>codegen</Filter>
    </ClInclude>
    <ClInclude Include="$(ODataCppInc)\odata\codegen\odata_query_path_composer.h">
      <Filter>codegen</Filter>
    </ClInclude>
    <ClInclude Include="$(ODataCppInc)\odata\codegen\odata_service_context.h">
      <Filter>codegen</Filter>
    </ClInclude>
    <ClInclude Include="$(ODataCppInc)\odata\codegen\odata_service_query.h">
      <Filter>codegen</Filter>
    </ClInclude>
    <ClInclude Include="$(ODataCppInc)\odata\codegen\odata_singleton_query_executor.h">
      <Filter>codegen</Filter>
    </ClInclude>
    <ClInclude Include="$(ODataCppInc)\odata\codegen\odata_void_query_executor.h">
      <Filter>codegen</Filter>
    </ClInclude>
  </ItemGroup>
  <ItemGroup>
    <Filter Include="client">
      <UniqueIdentifier>{14022365-1487-4ba4-8d6b-544790fc43f8}</UniqueIdentifier>
    </Filter>
    <Filter Include="communication">
      <UniqueIdentifier>{da938f39-aa16-4f44-84e7-9a4bc1d0bb7a}</UniqueIdentifier>
    </Filter>
    <Filter Include="codegen">
      <UniqueIdentifier>{60e1bd9d-840d-46a3-80d8-2971f4791548}</UniqueIdentifier>
    </Filter>
  </ItemGroup>
  <ItemGroup>
    <ClCompile Include="$(ODataCppSrc)\client\odata_client.cpp">
      <Filter>client</Filter>
    </ClCompile>
    <ClCompile Include="$(ODataCppSrc)\communication\http_implement.cpp">
      <Filter>communication</Filter>
    </ClCompile>
    <ClCompile Include="$(ODataCppSrc)\codegen\odata_entity_tracker.cpp">
      <Filter>codegen</Filter>
    </ClCompile>
    <ClCompile Include="$(ODataCppSrc)\codegen\odata_query_path.cpp">
      <Filter>codegen</Filter>
    </ClCompile>
  </ItemGroup>
  <ItemGroup>
    <None Include="packages.config" />
  </ItemGroup>
</Project>